
Microsoft Visual Studio Solution File, Format Version 12.00
# Visual Studio Version 17
VisualStudioVersion = 17.2.32519.379
MinimumVisualStudioVersion = 10.0.40219.1
Project("{FAE04EC0-301F-11D3-BF4B-00C04F79EFBC}") = "WebApplication1Exemplo", "WebApplication1Exemplo\WebApplication1Exemplo.csproj", "{B57D46E6-9D6F-49E9-BBDD-D8DE7087E02A}"
EndProject
Global
	GlobalSection(SolutionConfigurationPlatforms) = preSolution
		Debug|Any CPU = Debug|Any CPU
		Release|Any CPU = Release|Any CPU
	EndGlobalSection
	GlobalSection(ProjectConfigurationPlatforms) = postSolution
		{B57D46E6-9D6F-49E9-BBDD-D8DE7087E02A}.Debug|Any CPU.ActiveCfg = Debug|Any CPU
		{B57D46E6-9D6F-49E9-BBDD-D8DE7087E02A}.Debug|Any CPU.Build.0 = Debug|Any CPU
		{B57D46E6-9D6F-49E9-BBDD-D8DE7087E02A}.Release|Any CPU.ActiveCfg = Release|Any CPU
		{B57D46E6-9D6F-49E9-BBDD-D8DE7087E02A}.Release|Any CPU.Build.0 = Release|Any CPU
	EndGlobalSection
	GlobalSection(SolutionProperties) = preSolution
		HideSolutionNode = FALSE
	EndGlobalSection
	GlobalSection(ExtensibilityGlobals) = postSolution
		SolutionGuid = {FF71F2DB-0018-4120-A2FF-DA5AF225E259}
	EndGlobalSection
EndGlobal
